
Microsoft Visual Studio Solution File, Format Version 12.00
# Visual Studio Version 16
VisualStudioVersion = 16.0.29613.14
MinimumVisualStudioVersion = 10.0.40219.1
Project("{FAE04EC0-301F-11D3-BF4B-00C04F79EFBC}") = "ChessQueenPuzzle", "ChessQueenPuzzle.csproj", "{FDA410AC-D39F-4417-8BAA-E2AD03C3BE58}"
EndProject
Global
	GlobalSection(SolutionConfigurationPlatforms) = preSolution
		Debug|Any CPU = Debug|Any CPU
		Release|Any CPU = Release|Any CPU
	EndGlobalSection
	GlobalSection(ProjectConfigurationPlatforms) = postSolution
		{FDA410AC-D39F-4417-8BAA-E2AD03C3BE58}.Debug|Any CPU.ActiveCfg = Debug|Any CPU
		{FDA410AC-D39F-4417-8BAA-E2AD03C3BE58}.Debug|Any CPU.Build.0 = Debug|Any CPU
		{FDA410AC-D39F-4417-8BAA-E2AD03C3BE58}.Release|Any CPU.ActiveCfg = Release|Any CPU
		{FDA410AC-D39F-4417-8BAA-E2AD03C3BE58}.Release|Any CPU.Build.0 = Release|Any CPU
	EndGlobalSection
	GlobalSection(SolutionProperties) = preSolution
		HideSolutionNode = FALSE
	EndGlobalSection
	GlobalSection(ExtensibilityGlobals) = postSolution
		SolutionGuid = {7A4D7C03-4559-4D86-951D-DC147BD62CE4}
	EndGlobalSection
EndGlobal
